
Microsoft Visual Studio Solution File, Format Version 12.00
# Visual Studio Version 17
VisualStudioVersion = 17.8.34330.188
MinimumVisualStudioVersion = 10.0.40219.1
Project("{FAE04EC0-301F-11D3-BF4B-00C04F79EFBC}") = "TratamentoErros", "TratamentoErros\TratamentoErros.csproj", "{AA3B2136-D298-4CD0-B3B1-B197AE5C3220}"
EndProject
Global
	GlobalSection(SolutionConfigurationPlatforms) = preSolution
		Debug|Any CPU = Debug|Any CPU
		Release|Any CPU = Release|Any CPU
	EndGlobalSection
	GlobalSection(ProjectConfigurationPlatforms) = postSolution
		{AA3B2136-D298-4CD0-B3B1-B197AE5C3220}.Debug|Any CPU.ActiveCfg = Debug|Any CPU
		{AA3B2136-D298-4CD0-B3B1-B197AE5C3220}.Debug|Any CPU.Build.0 = Debug|Any CPU
		{AA3B2136-D298-4CD0-B3B1-B197AE5C3220}.Release|Any CPU.ActiveCfg = Release|Any CPU
		{AA3B2136-D298-4CD0-B3B1-B197AE5C3220}.Release|Any CPU.Build.0 = Release|Any CPU
	EndGlobalSection
	GlobalSection(SolutionProperties) = preSolution
		HideSolutionNode = FALSE
	EndGlobalSection
	GlobalSection(ExtensibilityGlobals) = postSolution
		SolutionGuid = {627EB93C-FDA2-4C10-A8C4-A5025DE73AA1}
	EndGlobalSection
EndGlobal
