
Microsoft Visual Studio Solution File, Format Version 12.00
# Visual Studio Version 17
VisualStudioVersion = 17.8.34330.188
MinimumVisualStudioVersion = 10.0.40219.1
Project("{FAE04EC0-301F-11D3-BF4B-00C04F79EFBC}") = "SistemaLogin", "SistemaLogin\SistemaLogin.csproj", "{CB7F2EF6-50A6-466C-B38D-4F44BD4257CC}"
EndProject
Global
	GlobalSection(SolutionConfigurationPlatforms) = preSolution
		Debug|Any CPU = Debug|Any CPU
		Release|Any CPU = Release|Any CPU
	EndGlobalSection
	GlobalSection(ProjectConfigurationPlatforms) = postSolution
		{CB7F2EF6-50A6-466C-B38D-4F44BD4257CC}.Debug|Any CPU.ActiveCfg = Debug|Any CPU
		{CB7F2EF6-50A6-466C-B38D-4F44BD4257CC}.Debug|Any CPU.Build.0 = Debug|Any CPU
		{CB7F2EF6-50A6-466C-B38D-4F44BD4257CC}.Release|Any CPU.ActiveCfg = Release|Any CPU
		{CB7F2EF6-50A6-466C-B38D-4F44BD4257CC}.Release|Any CPU.Build.0 = Release|Any CPU
	EndGlobalSection
	GlobalSection(SolutionProperties) = preSolution
		HideSolutionNode = FALSE
	EndGlobalSection
	GlobalSection(ExtensibilityGlobals) = postSolution
		SolutionGuid = {C49C0EDC-414B-4C7B-A8F0-C91928C23DCD}
	EndGlobalSection
EndGlobal
