
Microsoft Visual Studio Solution File, Format Version 12.00
# Visual Studio Version 17
VisualStudioVersion = 17.8.34330.188
MinimumVisualStudioVersion = 10.0.40219.1
Project("{FAE04EC0-301F-11D3-BF4B-00C04F79EFBC}") = "TrabalhandoStrings", "TrabalhandoStrings\TrabalhandoStrings.csproj", "{A5D2D8CC-37C2-4F59-939C-93E0D348B02B}"
EndProject
Global
	GlobalSection(SolutionConfigurationPlatforms) = preSolution
		Debug|Any CPU = Debug|Any CPU
		Release|Any CPU = Release|Any CPU
	EndGlobalSection
	GlobalSection(ProjectConfigurationPlatforms) = postSolution
		{A5D2D8CC-37C2-4F59-939C-93E0D348B02B}.Debug|Any CPU.ActiveCfg = Debug|Any CPU
		{A5D2D8CC-37C2-4F59-939C-93E0D348B02B}.Debug|Any CPU.Build.0 = Debug|Any CPU
		{A5D2D8CC-37C2-4F59-939C-93E0D348B02B}.Release|Any CPU.ActiveCfg = Release|Any CPU
		{A5D2D8CC-37C2-4F59-939C-93E0D348B02B}.Release|Any CPU.Build.0 = Release|Any CPU
	EndGlobalSection
	GlobalSection(SolutionProperties) = preSolution
		HideSolutionNode = FALSE
	EndGlobalSection
	GlobalSection(ExtensibilityGlobals) = postSolution
		SolutionGuid = {5BF716BD-E2C5-4DFA-B1F3-B1BA34FD1844}
	EndGlobalSection
EndGlobal
